
Microsoft Visual Studio Solution File, Format Version 12.00
# Visual Studio Version 17
VisualStudioVersion = 17.14.36401.2 d17.14
MinimumVisualStudioVersion = 10.0.40219.1
Project("{FAE04EC0-301F-11D3-BF4B-00C04F79EFBC}") = "projekt", "projekt\projekt.csproj", "{C76B3DDB-C9BB-4C62-8005-7D1E48E4232F}"
EndProject
Global
	GlobalSection(SolutionConfigurationPlatforms) = preSolution
		Debug|Any CPU = Debug|Any CPU
		Release|Any CPU = Release|Any CPU
	EndGlobalSection
	GlobalSection(ProjectConfigurationPlatforms) = postSolution
		{C76B3DDB-C9BB-4C62-8005-7D1E48E4232F}.Debug|Any CPU.ActiveCfg = Debug|Any CPU
		{C76B3DDB-C9BB-4C62-8005-7D1E48E4232F}.Debug|Any CPU.Build.0 = Debug|Any CPU
		{C76B3DDB-C9BB-4C62-8005-7D1E48E4232F}.Release|Any CPU.ActiveCfg = Release|Any CPU
		{C76B3DDB-C9BB-4C62-8005-7D1E48E4232F}.Release|Any CPU.Build.0 = Release|Any CPU
	EndGlobalSection
	GlobalSection(SolutionProperties) = preSolution
		HideSolutionNode = FALSE
	EndGlobalSection
	GlobalSection(ExtensibilityGlobals) = postSolution
		SolutionGuid = {43DFEEAE-01E0-4972-8B69-D6B440FB167E}
	EndGlobalSection
EndGlobal
